Microsoft Visual Studio Solution File, Format Version 12.00
# Visual Studio Version 17
VisualStudioVersion = 17.5.2.0
MinimumVisualStudioVersion = 10.0.40219.1
Project("{FAE04EC0-301F-11D3-BF4B-00C04F79EFBC}") = "EncryptionApi", "EncryptionApi.csproj", "{B255260B-7868-35D8-A3EB-0A74F8750C15}"
EndProject
Global
	GlobalSection(SolutionConfigurationPlatforms) = preSolution
		Debug|Any CPU = Debug|Any CPU
		Release|Any CPU = Release|Any CPU
	EndGlobalSection
	GlobalSection(ProjectConfigurationPlatforms) = postSolution
		{B255260B-7868-35D8-A3EB-0A74F8750C15}.Debug|Any CPU.ActiveCfg = Debug|Any CPU
		{B255260B-7868-35D8-A3EB-0A74F8750C15}.Debug|Any CPU.Build.0 = Debug|Any CPU
		{B255260B-7868-35D8-A3EB-0A74F8750C15}.Release|Any CPU.ActiveCfg = Release|Any CPU
		{B255260B-7868-35D8-A3EB-0A74F8750C15}.Release|Any CPU.Build.0 = Release|Any CPU
	EndGlobalSection
	GlobalSection(SolutionProperties) = preSolution
		HideSolutionNode = FALSE
	EndGlobalSection
	GlobalSection(ExtensibilityGlobals) = postSolution
		SolutionGuid = {6CF622B9-CB32-4D76-B6C3-823F22F545CB}
	EndGlobalSection
EndGlobal
